// !$*UTF8*$!
{
	archiveVersion = 1;
	classes = {
	};
	objectVersion = 46;
	objects = {

/* Begin PBXBuildFile section */
		2B16EB0F18F33888000BA5AD /* Foundation.framework in Frameworks */ = {isa = PBXBuildFile; fileRef = 2B16EB0E18F33888000BA5AD /* Foundation.framework */; };
		2B16EB1218F33888000BA5AD /* main.m in Sources */ = {isa = PBXBuildFile; fileRef = 2B16EB1118F33888000BA5AD /* main.m */; };
		2B16EB1618F33888000BA5AD /* interframe.1 in CopyFiles */ = {isa = PBXBuildFile; fileRef = 2B16EB1518F33888000BA5AD /* interframe.1 */; };
		2B16EB1D18F33980000BA5AD /* AppKit.framework in Frameworks */ = {isa = PBXBuildFile; fileRef = 2B16EB1C18F33980000BA5AD /* AppKit.framework */; };
		2B16EB1F18F33985000BA5AD /* AVFoundation.framework in Frameworks */ = {isa = PBXBuildFile; fileRef = 2B16EB1E18F33985000BA5AD /* AVFoundation.framework */; };
		2B16EB2218F339DC000BA5AD /* RSFrameInterpolator.m in Sources */ = {isa = PBXBuildFile; fileRef = 2B16EB2118F339DC000BA5AD /* RSFrameInterpolator.m */; };
		2B16EB2518F34167000BA5AD /* RSFrameInterpolationState.m in Sources */ = {isa = PBXBuildFile; fileRef = 2B16EB2418F34167000BA5AD /* RSFrameInterpolationState.m */; };
		2B16EB2718F3439D000BA5AD /* CoreGraphics.framework in Frameworks */ = {isa = PBXBuildFile; fileRef = 2B16EB2618F3439D000BA5AD /* CoreGraphics.framework */; };
		2B16EB2A18F45F27000BA5AD /* RSExampleInterpolator.m in Sources */ = {isa = PBXBuildFile; fileRef = 2B16EB2918F45F27000BA5AD /* RSExampleInterpolator.m */; };
/* End PBXBuildFile section */

/* Begin PBXCopyFilesBuildPhase section */
		2B16EB0918F33888000BA5AD /* CopyFiles */ = {
			isa = PBXCopyFilesBuildPhase;
			buildActionMask = 2147483647;
			dstPath = /usr/share/man/man1/;
			dstSubfolderSpec = 0;
			files = (
				2B16EB1618F33888000BA5AD /* interframe.1 in CopyFiles */,
			);
			runOnlyForDeploymentPostprocessing = 1;
		};
/* End PBXCopyFilesBuildPhase section */

/* Begin PBXFileReference section */
		2B16EB0B18F33888000BA5AD /* interframe */ = {isa = PBXFileReference; explicitFileType = "compiled.mach-o.executable"; includeInIndex = 0; path = interframe; sourceTree = BUILT_PRODUCTS_DIR; };
		2B16EB0E18F33888000BA5AD /* Foundation.framework */ = {isa = PBXFileReference; lastKnownFileType = wrapper.framework; name = Foundation.framework; path = System/Library/Frameworks/Foundation.framework; sourceTree = SDKROOT; };
		2B16EB1118F33888000BA5AD /* main.m */ = {isa = PBXFileReference; lastKnownFileType = sourcecode.c.objc; path = main.m; sourceTree = "<group>"; };
		2B16EB1418F33888000BA5AD /* interframe-Prefix.pch */ = {isa = PBXFileReference; lastKnownFileType = sourcecode.c.h; path = "interframe-Prefix.pch"; sourceTree = "<group>"; };
		2B16EB1518F33888000BA5AD /* interframe.1 */ = {isa = PBXFileReference; lastKnownFileType = text.man; path = interframe.1; sourceTree = "<group>"; };
		2B16EB1C18F33980000BA5AD /* AppKit.framework */ = {isa = PBXFileReference; lastKnownFileType = wrapper.framework; name = AppKit.framework; path = System/Library/Frameworks/AppKit.framework; sourceTree = SDKROOT; };
		2B16EB1E18F33985000BA5AD /* AVFoundation.framework */ = {isa = PBXFileReference; lastKnownFileType = wrapper.framework; name = AVFoundation.framework; path = System/Library/Frameworks/AVFoundation.framework; sourceTree = SDKROOT; };
		2B16EB2018F339DC000BA5AD /* RSFrameInterpolator.h */ = {isa = PBXFileReference; fileEncoding = 4; lastKnownFileType = sourcecode.c.h; path = RSFrameInterpolator.h; sourceTree = "<group>"; };
		2B16EB2118F339DC000BA5AD /* RSFrameInterpolator.m */ = {isa = PBXFileReference; fileEncoding = 4; lastKnownFileType = sourcecode.c.objc; path = RSFrameInterpolator.m; sourceTree = "<group>"; };
		2B16EB2318F34167000BA5AD /* RSFrameInterpolationState.h */ = {isa = PBXFileReference; fileEncoding = 4; lastKnownFileType = sourcecode.c.h; path = RSFrameInterpolationState.h; sourceTree = "<group>"; };
		2B16EB2418F34167000BA5AD /* RSFrameInterpolationState.m */ = {isa = PBXFileReference; fileEncoding = 4; lastKnownFileType = sourcecode.c.objc; path = RSFrameInterpolationState.m; sourceTree = "<group>"; };
		2B16EB2618F3439D000BA5AD /* CoreGraphics.framework */ = {isa = PBXFileReference; lastKnownFileType = wrapper.framework; name = CoreGraphics.framework; path = System/Library/Frameworks/CoreGraphics.framework; sourceTree = SDKROOT; };
		2B16EB2818F45F27000BA5AD /* RSExampleInterpolator.h */ = {isa = PBXFileReference; fileEncoding = 4; lastKnownFileType = sourcecode.c.h; path = RSExampleInterpolator.h; sourceTree = "<group>"; };
		2B16EB2918F45F27000BA5AD /* RSExampleInterpolator.m */ = {isa = PBXFileReference; fileEncoding = 4; lastKnownFileType = sourcecode.c.objc; path = RSExampleInterpolator.m; sourceTree = "<group>"; };
/* End PBXFileReference section */

/* Begin PBXFrameworksBuildPhase section */
		2B16EB0818F33888000BA5AD /* Frameworks */ = {
			isa = PBXFrameworksBuildPhase;
			buildActionMask = 2147483647;
			files = (
				2B16EB2718F3439D000BA5AD /* CoreGraphics.framework in Frameworks */,
				2B16EB1F18F33985000BA5AD /* AVFoundation.framework in Frameworks */,
				2B16EB1D18F33980000BA5AD /* AppKit.framework in Frameworks */,
				2B16EB0F18F33888000BA5AD /* Foundation.framework in Frameworks */,
			);
			runOnlyForDeploymentPostprocessing = 0;
		};
/* End PBXFrameworksBuildPhase section */

/* Begin PBXGroup section */
		2B16EB0218F33888000BA5AD = {
			isa = PBXGroup;
			children = (
				2B16EB1018F33888000BA5AD /* interframe */,
				2B16EB0D18F33888000BA5AD /* Frameworks */,
				2B16EB0C18F33888000BA5AD /* Products */,
			);
			sourceTree = "<group>";
		};
		2B16EB0C18F33888000BA5AD /* Products */ = {
			isa = PBXGroup;
			children = (
				2B16EB0B18F33888000BA5AD /* interframe */,
			);
			name = Products;
			sourceTree = "<group>";
		};
		2B16EB0D18F33888000BA5AD /* Frameworks */ = {
			isa = PBXGroup;
			children = (
				2B16EB2618F3439D000BA5AD /* CoreGraphics.framework */,
				2B16EB1E18F33985000BA5AD /* AVFoundation.framework */,
				2B16EB1C18F33980000BA5AD /* AppKit.framework */,
				2B16EB0E18F33888000BA5AD /* Foundation.framework */,
			);
			name = Frameworks;
			sourceTree = "<group>";
		};
		2B16EB1018F33888000BA5AD /* interframe */ = {
			isa = PBXGroup;
			children = (
				2B16EB1118F33888000BA5AD /* main.m */,
				2B16EB2818F45F27000BA5AD /* RSExampleInterpolator.h */,
				2B16EB2918F45F27000BA5AD /* RSExampleInterpolator.m */,
				2B16EB2B18F45F30000BA5AD /* Interpolator */,
				2B16EB1518F33888000BA5AD /* interframe.1 */,
				2B16EB1318F33888000BA5AD /* Supporting Files */,
			);
			path = interframe;
			sourceTree = "<group>";
		};
		2B16EB1318F33888000BA5AD /* Supporting Files */ = {
			isa = PBXGroup;
			children = (
				2B16EB1418F33888000BA5AD /* interframe-Prefix.pch */,
			);
			name = "Supporting Files";
			sourceTree = "<group>";
		};
		2B16EB2B18F45F30000BA5AD /* Interpolator */ = {
			isa = PBXGroup;
			children = (
				2B16EB2018F339DC000BA5AD /* RSFrameInterpolator.h */,
				2B16EB2118F339DC000BA5AD /* RSFrameInterpolator.m */,
				2B16EB2318F34167000BA5AD /* RSFrameInterpolationState.h */,
				2B16EB2418F34167000BA5AD /* RSFrameInterpolationState.m */,
			);
			name = Interpolator;
			sourceTree = "<group>";
		};
/* End PBXGroup section */

/* Begin PBXNativeTarget section */
		2B16EB0A18F33888000BA5AD /* interframe */ = {
			isa = PBXNativeTarget;
			buildConfigurationList = 2B16EB1918F33888000BA5AD /* Build configuration list for PBXNativeTarget "interframe" */;
			buildPhases = (
				2B16EB0718F33888000BA5AD /* Sources */,
				2B16EB0818F33888000BA5AD /* Frameworks */,
				2B16EB0918F33888000BA5AD /* CopyFiles */,
			);
			buildRules = (
			);
			dependencies = (
			);
			name = interframe;
			productName = interframe;
			productReference = 2B16EB0B18F33888000BA5AD /* interframe */;
			productType = "com.apple.product-type.tool";
		};
/* End PBXNativeTarget section */

/* Begin PBXProject section */
		2B16EB0318F33888000BA5AD /* Project object */ = {
			isa = PBXProject;
			attributes = {
				LastUpgradeCheck = 0510;
				ORGANIZATIONNAME = RSully;
			};
			buildConfigurationList = 2B16EB0618F33888000BA5AD /* Build configuration list for PBXProject "interframe" */;
			compatibilityVersion = "Xcode 3.2";
			developmentRegion = English;
			hasScannedForEncodings = 0;
			knownRegions = (
				en,
			);
			mainGroup = 2B16EB0218F33888000BA5AD;
			productRefGroup = 2B16EB0C18F33888000BA5AD /* Products */;
			projectDirPath = "";
			projectRoot = "";
			targets = (
				2B16EB0A18F33888000BA5AD /* interframe */,
			);
		};
/* End PBXProject section */

/* Begin PBXSourcesBuildPhase section */
		2B16EB0718F33888000BA5AD /* Sources */ = {
			isa = PBXSourcesBuildPhase;
			buildActionMask = 2147483647;
			files = (
				2B16EB2518F34167000BA5AD /* RSFrameInterpolationState.m in Sources */,
				2B16EB2218F339DC000BA5AD /* RSFrameInterpolator.m in Sources */,
				2B16EB2A18F45F27000BA5AD /* RSExampleInterpolator.m in Sources */,
				2B16EB1218F33888000BA5AD /* main.m in Sources */,
			);
			runOnlyForDeploymentPostprocessing = 0;
		};
/* End PBXSourcesBuildPhase section */

/* Begin XCBuildConfiguration section */
		2B16EB1718F33888000BA5AD /* Debug */ = {
			isa = XCBuildConfiguration;
			buildSettings = {
				ALWAYS_SEARCH_USER_PATHS = NO;
				CLANG_CXX_LANGUAGE_STANDARD = "gnu++0x";
				CLANG_CXX_LIBRARY = "libc++";
				CLANG_ENABLE_MODULES = YES;
				CLANG_ENABLE_OBJC_ARC = YES;
				CLANG_WARN_BOOL_CONVERSION = YES;
				CLANG_WARN_CONSTANT_CONVERSION = YES;
				CLANG_WARN_DIRECT_OBJC_ISA_USAGE = YES_ERROR;
				CLANG_WARN_EMPTY_BODY = YES;
				CLANG_WARN_ENUM_CONVERSION = YES;
				CLANG_WARN_INT_CONVERSION = YES;
				CLANG_WARN_OBJC_ROOT_CLASS = YES_ERROR;
				CLANG_WARN__DUPLICATE_METHOD_MATCH = YES;
				COPY_PHASE_STRIP = NO;
				GCC_C_LANGUAGE_STANDARD = gnu99;
				GCC_DYNAMIC_NO_PIC = NO;
				GCC_ENABLE_OBJC_EXCEPTIONS = YES;
				GCC_OPTIMIZATION_LEVEL = 0;
				GCC_PREPROCESSOR_DEFINITIONS = (
					"DEBUG=1",
					"$(inherited)",
				);
				GCC_SYMBOLS_PRIVATE_EXTERN = NO;
				GCC_WARN_64_TO_32_BIT_CONVERSION = YES;
				GCC_WARN_ABOUT_RETURN_TYPE = YES_ERROR;
				GCC_WARN_UNDECLARED_SELECTOR = YES;
				GCC_WARN_UNINITIALIZED_AUTOS = YES_AGGRESSIVE;
				GCC_WARN_UNUSED_FUNCTION = YES;
				GCC_WARN_UNUSED_VARIABLE = YES;
				MACOSX_DEPLOYMENT_TARGET = 10.9;
				ONLY_ACTIVE_ARCH = YES;
				SDKROOT = macosx;
			};
			name = Debug;
		};
		2B16EB1818F33888000BA5AD /* Release */ = {
			isa = XCBuildConfiguration;
			buildSettings = {
				ALWAYS_SEARCH_USER_PATHS = NO;
				CLANG_CXX_LANGUAGE_STANDARD = "gnu++0x";
				CLANG_CXX_LIBRARY = "libc++";
				CLANG_ENABLE_MODULES = YES;
				CLANG_ENABLE_OBJC_ARC = YES;
				CLANG_WARN_BOOL_CONVERSION = YES;
				CLANG_WARN_CONSTANT_CONVERSION = YES;
				CLANG_WARN_DIRECT_OBJC_ISA_USAGE = YES_ERROR;
				CLANG_WARN_EMPTY_BODY = YES;
				CLANG_WARN_ENUM_CONVERSION = YES;
				CLANG_WARN_INT_CONVERSION = YES;
				CLANG_WARN_OBJC_ROOT_CLASS = YES_ERROR;
				CLANG_WARN__DUPLICATE_METHOD_MATCH = YES;
				COPY_PHASE_STRIP = YES;
				DEBUG_INFORMATION_FORMAT = "dwarf-with-dsym";
				ENABLE_NS_ASSERTIONS = NO;
				GCC_C_LANGUAGE_STANDARD = gnu99;
				GCC_ENABLE_OBJC_EXCEPTIONS = YES;
				GCC_WARN_64_TO_32_BIT_CONVERSION = YES;
				GCC_WARN_ABOUT_RETURN_TYPE = YES_ERROR;
				GCC_WARN_UNDECLARED_SELECTOR = YES;
				GCC_WARN_UNINITIALIZED_AUTOS = YES_AGGRESSIVE;
				GCC_WARN_UNUSED_FUNCTION = YES;
				GCC_WARN_UNUSED_VARIABLE = YES;
				MACOSX_DEPLOYMENT_TARGET = 10.9;
				SDKROOT = macosx;
			};
			name = Release;
		};
		2B16EB1A18F33888000BA5AD /* Debug */ = {
			isa = XCBuildConfiguration;
			buildSettings = {
				GCC_PRECOMPILE_PREFIX_HEADER = YES;
				GCC_PREFIX_HEADER = "interframe/interframe-Prefix.pch";
				PRODUCT_NAME = "$(TARGET_NAME)";
			};
			name = Debug;
		};
		2B16EB1B18F33888000BA5AD /* Release */ = {
			isa = XCBuildConfiguration;
			buildSettings = {
				GCC_PRECOMPILE_PREFIX_HEADER = YES;
				GCC_PREFIX_HEADER = "interframe/interframe-Prefix.pch";
				PRODUCT_NAME = "$(TARGET_NAME)";
			};
			name = Release;
		};
/* End XCBuildConfiguration section */

/* Begin XCConfigurationList section */
		2B16EB0618F33888000BA5AD /* Build configuration list for PBXProject "interframe" */ = {
			isa = XCConfigurationList;
			buildConfigurations = (
				2B16EB1718F33888000BA5AD /* Debug */,
				2B16EB1818F33888000BA5AD /* Release */,
			);
			defaultConfigurationIsVisible = 0;
			defaultConfigurationName = Release;
		};
		2B16EB1918F33888000BA5AD /* Build configuration list for PBXNativeTarget "interframe" */ = {
			isa = XCConfigurationList;
			buildConfigurations = (
				2B16EB1A18F33888000BA5AD /* Debug */,
				2B16EB1B18F33888000BA5AD /* Release */,
			);
			defaultConfigurationIsVisible = 0;
			defaultConfigurationName = Release;
		};
/* End XCConfigurationList section */
	};
	rootObject = 2B16EB0318F33888000BA5AD /* Project object */;
}
