// !$*UTF8*$!
{
	archiveVersion = 1;
	classes = {
	};
	objectVersion = 46;
	objects = {

/* Begin PBXBuildFile section */
		2B16EB0F18F33888000BA5AD /* Foundation.framework in Frameworks */ = {isa = PBXBuildFile; fileRef = 2B16EB0E18F33888000BA5AD /* Foundation.framework */; };
		2B16EB1218F33888000BA5AD /* main.m in Sources */ = {isa = PBXBuildFile; fileRef = 2B16EB1118F33888000BA5AD /* main.m */; };
		2B16EB1618F33888000BA5AD /* interframe.1 in CopyFiles */ = {isa = PBXBuildFile; fileRef = 2B16EB1518F33888000BA5AD /* interframe.1 */; };
		2B16EB1D18F33980000BA5AD /* AppKit.framework in Frameworks */ = {isa = PBXBuildFile; fileRef = 2B16EB1C18F33980000BA5AD /* AppKit.framework */; };
		2B16EB1F18F33985000BA5AD /* AVFoundation.framework in Frameworks */ = {isa = PBXBuildFile; fileRef = 2B16EB1E18F33985000BA5AD /* AVFoundation.framework */; };
		2B16EB2218F339DC000BA5AD /* RSFrameInterpolator.m in Sources */ = {isa = PBXBuildFile; fileRef = 2B16EB2118F339DC000BA5AD /* RSFrameInterpolator.m */; };
		2B16EB2718F3439D000BA5AD /* CoreGraphics.framework in Frameworks */ = {isa = PBXBuildFile; fileRef = 2B16EB2618F3439D000BA5AD /* CoreGraphics.framework */; };
		2B16EB2A18F45F27000BA5AD /* RSExampleInterpolator.m in Sources */ = {isa = PBXBuildFile; fileRef = 2B16EB2918F45F27000BA5AD /* RSExampleInterpolator.m */; };
		2B16EB4918F463D9000BA5AD /* ANImageBitmapRep.m in Sources */ = {isa = PBXBuildFile; fileRef = 2B16EB2F18F463D9000BA5AD /* ANImageBitmapRep.m */; };
		2B16EB4A18F463D9000BA5AD /* BitmapContextRep.m in Sources */ = {isa = PBXBuildFile; fileRef = 2B16EB3118F463D9000BA5AD /* BitmapContextRep.m */; };
		2B16EB4B18F463D9000BA5AD /* NSImage+ANImageBitmapRep.m in Sources */ = {isa = PBXBuildFile; fileRef = 2B16EB3418F463D9000BA5AD /* NSImage+ANImageBitmapRep.m */; };
		2B16EB4C18F463D9000BA5AD /* OSCommonImage.m in Sources */ = {isa = PBXBuildFile; fileRef = 2B16EB3618F463D9000BA5AD /* OSCommonImage.m */; };
		2B16EB4D18F463D9000BA5AD /* UIImage+ANImageBitmapRep.m in Sources */ = {isa = PBXBuildFile; fileRef = 2B16EB3818F463D9000BA5AD /* UIImage+ANImageBitmapRep.m */; };
		2B16EB4E18F463D9000BA5AD /* CGContextCreator.m in Sources */ = {isa = PBXBuildFile; fileRef = 2B16EB3B18F463D9000BA5AD /* CGContextCreator.m */; };
		2B16EB4F18F463D9000BA5AD /* CGImageContainer.m in Sources */ = {isa = PBXBuildFile; fileRef = 2B16EB3D18F463D9000BA5AD /* CGImageContainer.m */; };
		2B16EB5018F463D9000BA5AD /* BitmapContextManipulator.m in Sources */ = {isa = PBXBuildFile; fileRef = 2B16EB4018F463D9000BA5AD /* BitmapContextManipulator.m */; };
		2B16EB5118F463D9000BA5AD /* BitmapCropManipulator.m in Sources */ = {isa = PBXBuildFile; fileRef = 2B16EB4218F463D9000BA5AD /* BitmapCropManipulator.m */; };
		2B16EB5218F463D9000BA5AD /* BitmapDrawManipulator.m in Sources */ = {isa = PBXBuildFile; fileRef = 2B16EB4418F463D9000BA5AD /* BitmapDrawManipulator.m */; };
		2B16EB5318F463D9000BA5AD /* BitmapRotationManipulator.m in Sources */ = {isa = PBXBuildFile; fileRef = 2B16EB4618F463D9000BA5AD /* BitmapRotationManipulator.m */; };
		2B16EB5418F463D9000BA5AD /* BitmapScaleManipulator.m in Sources */ = {isa = PBXBuildFile; fileRef = 2B16EB4818F463D9000BA5AD /* BitmapScaleManipulator.m */; };
		2B16EB5618F4A353000BA5AD /* Accelerate.framework in Frameworks */ = {isa = PBXBuildFile; fileRef = 2B16EB5518F4A353000BA5AD /* Accelerate.framework */; };
		2B16EB5918F58248000BA5AD /* RSFrameInterpolatorPassthroughInstruction.m in Sources */ = {isa = PBXBuildFile; fileRef = 2B16EB5818F58248000BA5AD /* RSFrameInterpolatorPassthroughInstruction.m */; };
		2B16EB5C18F5846B000BA5AD /* RSFrameInterpolatorInterpolationInstruction.m in Sources */ = {isa = PBXBuildFile; fileRef = 2B16EB5B18F5846B000BA5AD /* RSFrameInterpolatorInterpolationInstruction.m */; };
		2B16EB6018F596AD000BA5AD /* RSFrameInterpolatorDefaultCompositor.m in Sources */ = {isa = PBXBuildFile; fileRef = 2B16EB5F18F596AD000BA5AD /* RSFrameInterpolatorDefaultCompositor.m */; };
		2B16EB6418F5C1F0000BA5AD /* RSFrameInterpolatorBaseInstruction.m in Sources */ = {isa = PBXBuildFile; fileRef = 2B16EB6318F5C1F0000BA5AD /* RSFrameInterpolatorBaseInstruction.m */; };
/* End PBXBuildFile section */

/* Begin PBXCopyFilesBuildPhase section */
		2B16EB0918F33888000BA5AD /* CopyFiles */ = {
			isa = PBXCopyFilesBuildPhase;
			buildActionMask = 2147483647;
			dstPath = /usr/share/man/man1/;
			dstSubfolderSpec = 0;
			files = (
				2B16EB1618F33888000BA5AD /* interframe.1 in CopyFiles */,
			);
			runOnlyForDeploymentPostprocessing = 1;
		};
/* End PBXCopyFilesBuildPhase section */

/* Begin PBXFileReference section */
		2B16EB0B18F33888000BA5AD /* interframe */ = {isa = PBXFileReference; explicitFileType = "compiled.mach-o.executable"; includeInIndex = 0; path = interframe; sourceTree = BUILT_PRODUCTS_DIR; };
		2B16EB0E18F33888000BA5AD /* Foundation.framework */ = {isa = PBXFileReference; lastKnownFileType = wrapper.framework; name = Foundation.framework; path = System/Library/Frameworks/Foundation.framework; sourceTree = SDKROOT; };
		2B16EB1118F33888000BA5AD /* main.m */ = {isa = PBXFileReference; lastKnownFileType = sourcecode.c.objc; path = main.m; sourceTree = "<group>"; };
		2B16EB1418F33888000BA5AD /* interframe-Prefix.pch */ = {isa = PBXFileReference; lastKnownFileType = sourcecode.c.h; path = "interframe-Prefix.pch"; sourceTree = "<group>"; };
		2B16EB1518F33888000BA5AD /* interframe.1 */ = {isa = PBXFileReference; lastKnownFileType = text.man; path = interframe.1; sourceTree = "<group>"; };
		2B16EB1C18F33980000BA5AD /* AppKit.framework */ = {isa = PBXFileReference; lastKnownFileType = wrapper.framework; name = AppKit.framework; path = System/Library/Frameworks/AppKit.framework; sourceTree = SDKROOT; };
		2B16EB1E18F33985000BA5AD /* AVFoundation.framework */ = {isa = PBXFileReference; lastKnownFileType = wrapper.framework; name = AVFoundation.framework; path = System/Library/Frameworks/AVFoundation.framework; sourceTree = SDKROOT; };
		2B16EB2018F339DC000BA5AD /* RSFrameInterpolator.h */ = {isa = PBXFileReference; fileEncoding = 4; lastKnownFileType = sourcecode.c.h; name = RSFrameInterpolator.h; path = InterframeClasses/RSFrameInterpolator.h; sourceTree = "<group>"; };
		2B16EB2118F339DC000BA5AD /* RSFrameInterpolator.m */ = {isa = PBXFileReference; fileEncoding = 4; lastKnownFileType = sourcecode.c.objc; name = RSFrameInterpolator.m; path = InterframeClasses/RSFrameInterpolator.m; sourceTree = "<group>"; };
		2B16EB2618F3439D000BA5AD /* CoreGraphics.framework */ = {isa = PBXFileReference; lastKnownFileType = wrapper.framework; name = CoreGraphics.framework; path = System/Library/Frameworks/CoreGraphics.framework; sourceTree = SDKROOT; };
		2B16EB2818F45F27000BA5AD /* RSExampleInterpolator.h */ = {isa = PBXFileReference; fileEncoding = 4; lastKnownFileType = sourcecode.c.h; path = RSExampleInterpolator.h; sourceTree = "<group>"; };
		2B16EB2918F45F27000BA5AD /* RSExampleInterpolator.m */ = {isa = PBXFileReference; fileEncoding = 4; lastKnownFileType = sourcecode.c.objc; path = RSExampleInterpolator.m; sourceTree = "<group>"; };
		2B16EB2E18F463D9000BA5AD /* ANImageBitmapRep.h */ = {isa = PBXFileReference; fileEncoding = 4; lastKnownFileType = sourcecode.c.h; path = ANImageBitmapRep.h; sourceTree = "<group>"; };
		2B16EB2F18F463D9000BA5AD /* ANImageBitmapRep.m */ = {isa = PBXFileReference; fileEncoding = 4; lastKnownFileType = sourcecode.c.objc; path = ANImageBitmapRep.m; sourceTree = "<group>"; };
		2B16EB3018F463D9000BA5AD /* BitmapContextRep.h */ = {isa = PBXFileReference; fileEncoding = 4; lastKnownFileType = sourcecode.c.h; path = BitmapContextRep.h; sourceTree = "<group>"; };
		2B16EB3118F463D9000BA5AD /* BitmapContextRep.m */ = {isa = PBXFileReference; fileEncoding = 4; lastKnownFileType = sourcecode.c.objc; path = BitmapContextRep.m; sourceTree = "<group>"; };
		2B16EB3318F463D9000BA5AD /* NSImage+ANImageBitmapRep.h */ = {isa = PBXFileReference; fileEncoding = 4; lastKnownFileType = sourcecode.c.h; path = "NSImage+ANImageBitmapRep.h"; sourceTree = "<group>"; };
		2B16EB3418F463D9000BA5AD /* NSImage+ANImageBitmapRep.m */ = {isa = PBXFileReference; fileEncoding = 4; lastKnownFileType = sourcecode.c.objc; path = "NSImage+ANImageBitmapRep.m"; sourceTree = "<group>"; };
		2B16EB3518F463D9000BA5AD /* OSCommonImage.h */ = {isa = PBXFileReference; fileEncoding = 4; lastKnownFileType = sourcecode.c.h; path = OSCommonImage.h; sourceTree = "<group>"; };
		2B16EB3618F463D9000BA5AD /* OSCommonImage.m */ = {isa = PBXFileReference; fileEncoding = 4; lastKnownFileType = sourcecode.c.objc; path = OSCommonImage.m; sourceTree = "<group>"; };
		2B16EB3718F463D9000BA5AD /* UIImage+ANImageBitmapRep.h */ = {isa = PBXFileReference; fileEncoding = 4; lastKnownFileType = sourcecode.c.h; path = "UIImage+ANImageBitmapRep.h"; sourceTree = "<group>"; };
		2B16EB3818F463D9000BA5AD /* UIImage+ANImageBitmapRep.m */ = {isa = PBXFileReference; fileEncoding = 4; lastKnownFileType = sourcecode.c.objc; path = "UIImage+ANImageBitmapRep.m"; sourceTree = "<group>"; };
		2B16EB3A18F463D9000BA5AD /* CGContextCreator.h */ = {isa = PBXFileReference; fileEncoding = 4; lastKnownFileType = sourcecode.c.h; path = CGContextCreator.h; sourceTree = "<group>"; };
		2B16EB3B18F463D9000BA5AD /* CGContextCreator.m */ = {isa = PBXFileReference; fileEncoding = 4; lastKnownFileType = sourcecode.c.objc; path = CGContextCreator.m; sourceTree = "<group>"; };
		2B16EB3C18F463D9000BA5AD /* CGImageContainer.h */ = {isa = PBXFileReference; fileEncoding = 4; lastKnownFileType = sourcecode.c.h; path = CGImageContainer.h; sourceTree = "<group>"; };
		2B16EB3D18F463D9000BA5AD /* CGImageContainer.m */ = {isa = PBXFileReference; fileEncoding = 4; lastKnownFileType = sourcecode.c.objc; path = CGImageContainer.m; sourceTree = "<group>"; };
		2B16EB3F18F463D9000BA5AD /* BitmapContextManipulator.h */ = {isa = PBXFileReference; fileEncoding = 4; lastKnownFileType = sourcecode.c.h; path = BitmapContextManipulator.h; sourceTree = "<group>"; };
		2B16EB4018F463D9000BA5AD /* BitmapContextManipulator.m */ = {isa = PBXFileReference; fileEncoding = 4; lastKnownFileType = sourcecode.c.objc; path = BitmapContextManipulator.m; sourceTree = "<group>"; };
		2B16EB4118F463D9000BA5AD /* BitmapCropManipulator.h */ = {isa = PBXFileReference; fileEncoding = 4; lastKnownFileType = sourcecode.c.h; path = BitmapCropManipulator.h; sourceTree = "<group>"; };
		2B16EB4218F463D9000BA5AD /* BitmapCropManipulator.m */ = {isa = PBXFileReference; fileEncoding = 4; lastKnownFileType = sourcecode.c.objc; path = BitmapCropManipulator.m; sourceTree = "<group>"; };
		2B16EB4318F463D9000BA5AD /* BitmapDrawManipulator.h */ = {isa = PBXFileReference; fileEncoding = 4; lastKnownFileType = sourcecode.c.h; path = BitmapDrawManipulator.h; sourceTree = "<group>"; };
		2B16EB4418F463D9000BA5AD /* BitmapDrawManipulator.m */ = {isa = PBXFileReference; fileEncoding = 4; lastKnownFileType = sourcecode.c.objc; path = BitmapDrawManipulator.m; sourceTree = "<group>"; };
		2B16EB4518F463D9000BA5AD /* BitmapRotationManipulator.h */ = {isa = PBXFileReference; fileEncoding = 4; lastKnownFileType = sourcecode.c.h; path = BitmapRotationManipulator.h; sourceTree = "<group>"; };
		2B16EB4618F463D9000BA5AD /* BitmapRotationManipulator.m */ = {isa = PBXFileReference; fileEncoding = 4; lastKnownFileType = sourcecode.c.objc; path = BitmapRotationManipulator.m; sourceTree = "<group>"; };
		2B16EB4718F463D9000BA5AD /* BitmapScaleManipulator.h */ = {isa = PBXFileReference; fileEncoding = 4; lastKnownFileType = sourcecode.c.h; path = BitmapScaleManipulator.h; sourceTree = "<group>"; };
		2B16EB4818F463D9000BA5AD /* BitmapScaleManipulator.m */ = {isa = PBXFileReference; fileEncoding = 4; lastKnownFileType = sourcecode.c.objc; path = BitmapScaleManipulator.m; sourceTree = "<group>"; };
		2B16EB5518F4A353000BA5AD /* Accelerate.framework */ = {isa = PBXFileReference; lastKnownFileType = wrapper.framework; name = Accelerate.framework; path = System/Library/Frameworks/Accelerate.framework; sourceTree = SDKROOT; };
		2B16EB5718F58248000BA5AD /* RSFrameInterpolatorPassthroughInstruction.h */ = {isa = PBXFileReference; fileEncoding = 4; lastKnownFileType = sourcecode.c.h; name = RSFrameInterpolatorPassthroughInstruction.h; path = InterframeClasses/RSFrameInterpolatorPassthroughInstruction.h; sourceTree = "<group>"; };
		2B16EB5818F58248000BA5AD /* RSFrameInterpolatorPassthroughInstruction.m */ = {isa = PBXFileReference; fileEncoding = 4; lastKnownFileType = sourcecode.c.objc; name = RSFrameInterpolatorPassthroughInstruction.m; path = InterframeClasses/RSFrameInterpolatorPassthroughInstruction.m; sourceTree = "<group>"; };
		2B16EB5A18F5846B000BA5AD /* RSFrameInterpolatorInterpolationInstruction.h */ = {isa = PBXFileReference; fileEncoding = 4; lastKnownFileType = sourcecode.c.h; name = RSFrameInterpolatorInterpolationInstruction.h; path = InterframeClasses/RSFrameInterpolatorInterpolationInstruction.h; sourceTree = "<group>"; };
		2B16EB5B18F5846B000BA5AD /* RSFrameInterpolatorInterpolationInstruction.m */ = {isa = PBXFileReference; fileEncoding = 4; lastKnownFileType = sourcecode.c.objc; name = RSFrameInterpolatorInterpolationInstruction.m; path = InterframeClasses/RSFrameInterpolatorInterpolationInstruction.m; sourceTree = "<group>"; };
		2B16EB5E18F596AD000BA5AD /* RSFrameInterpolatorDefaultCompositor.h */ = {isa = PBXFileReference; fileEncoding = 4; lastKnownFileType = sourcecode.c.h; name = RSFrameInterpolatorDefaultCompositor.h; path = InterframeClasses/RSFrameInterpolatorDefaultCompositor.h; sourceTree = "<group>"; };
		2B16EB5F18F596AD000BA5AD /* RSFrameInterpolatorDefaultCompositor.m */ = {isa = PBXFileReference; fileEncoding = 4; lastKnownFileType = sourcecode.c.objc; name = RSFrameInterpolatorDefaultCompositor.m; path = InterframeClasses/RSFrameInterpolatorDefaultCompositor.m; sourceTree = "<group>"; };
		2B16EB6218F5C1F0000BA5AD /* RSFrameInterpolatorBaseInstruction.h */ = {isa = PBXFileReference; fileEncoding = 4; lastKnownFileType = sourcecode.c.h; name = RSFrameInterpolatorBaseInstruction.h; path = InterframeClasses/RSFrameInterpolatorBaseInstruction.h; sourceTree = "<group>"; };
		2B16EB6318F5C1F0000BA5AD /* RSFrameInterpolatorBaseInstruction.m */ = {isa = PBXFileReference; fileEncoding = 4; lastKnownFileType = sourcecode.c.objc; name = RSFrameInterpolatorBaseInstruction.m; path = InterframeClasses/RSFrameInterpolatorBaseInstruction.m; sourceTree = "<group>"; };
/* End PBXFileReference section */

/* Begin PBXFrameworksBuildPhase section */
		2B16EB0818F33888000BA5AD /* Frameworks */ = {
			isa = PBXFrameworksBuildPhase;
			buildActionMask = 2147483647;
			files = (
				2B16EB5618F4A353000BA5AD /* Accelerate.framework in Frameworks */,
				2B16EB2718F3439D000BA5AD /* CoreGraphics.framework in Frameworks */,
				2B16EB1F18F33985000BA5AD /* AVFoundation.framework in Frameworks */,
				2B16EB1D18F33980000BA5AD /* AppKit.framework in Frameworks */,
				2B16EB0F18F33888000BA5AD /* Foundation.framework in Frameworks */,
			);
			runOnlyForDeploymentPostprocessing = 0;
		};
/* End PBXFrameworksBuildPhase section */

/* Begin PBXGroup section */
		2B16EB0218F33888000BA5AD = {
			isa = PBXGroup;
			children = (
				2B16EB1018F33888000BA5AD /* interframe */,
				2B16EB0D18F33888000BA5AD /* Frameworks */,
				2B16EB0C18F33888000BA5AD /* Products */,
			);
			sourceTree = "<group>";
		};
		2B16EB0C18F33888000BA5AD /* Products */ = {
			isa = PBXGroup;
			children = (
				2B16EB0B18F33888000BA5AD /* interframe */,
			);
			name = Products;
			sourceTree = "<group>";
		};
		2B16EB0D18F33888000BA5AD /* Frameworks */ = {
			isa = PBXGroup;
			children = (
				2B16EB5518F4A353000BA5AD /* Accelerate.framework */,
				2B16EB2618F3439D000BA5AD /* CoreGraphics.framework */,
				2B16EB1E18F33985000BA5AD /* AVFoundation.framework */,
				2B16EB1C18F33980000BA5AD /* AppKit.framework */,
				2B16EB0E18F33888000BA5AD /* Foundation.framework */,
			);
			name = Frameworks;
			sourceTree = "<group>";
		};
		2B16EB1018F33888000BA5AD /* interframe */ = {
			isa = PBXGroup;
			children = (
				2B16EB1118F33888000BA5AD /* main.m */,
				2B16EB2C18F460CB000BA5AD /* Example */,
				2B16EB2B18F45F30000BA5AD /* Interpolator */,
				2B16EB1518F33888000BA5AD /* interframe.1 */,
				2B16EB1318F33888000BA5AD /* Supporting Files */,
			);
			path = interframe;
			sourceTree = "<group>";
		};
		2B16EB1318F33888000BA5AD /* Supporting Files */ = {
			isa = PBXGroup;
			children = (
				2B16EB1418F33888000BA5AD /* interframe-Prefix.pch */,
			);
			name = "Supporting Files";
			sourceTree = "<group>";
		};
		2B16EB2B18F45F30000BA5AD /* Interpolator */ = {
			isa = PBXGroup;
			children = (
				2B16EB2018F339DC000BA5AD /* RSFrameInterpolator.h */,
				2B16EB2118F339DC000BA5AD /* RSFrameInterpolator.m */,
				2B16EB6118F596B5000BA5AD /* Compositor */,
				2B16EB5D18F586A6000BA5AD /* Instructions */,
			);
			name = Interpolator;
			sourceTree = "<group>";
		};
		2B16EB2C18F460CB000BA5AD /* Example */ = {
			isa = PBXGroup;
			children = (
				2B16EB2818F45F27000BA5AD /* RSExampleInterpolator.h */,
				2B16EB2918F45F27000BA5AD /* RSExampleInterpolator.m */,
				2B16EB2D18F463D9000BA5AD /* ANImageBitmapRep */,
			);
			name = Example;
			sourceTree = "<group>";
		};
		2B16EB2D18F463D9000BA5AD /* ANImageBitmapRep */ = {
			isa = PBXGroup;
			children = (
				2B16EB2E18F463D9000BA5AD /* ANImageBitmapRep.h */,
				2B16EB2F18F463D9000BA5AD /* ANImageBitmapRep.m */,
				2B16EB3018F463D9000BA5AD /* BitmapContextRep.h */,
				2B16EB3118F463D9000BA5AD /* BitmapContextRep.m */,
				2B16EB3218F463D9000BA5AD /* Compatibility */,
				2B16EB3918F463D9000BA5AD /* CoreGraphics */,
				2B16EB3E18F463D9000BA5AD /* Manipulators */,
			);
			path = ANImageBitmapRep;
			sourceTree = "<group>";
		};
		2B16EB3218F463D9000BA5AD /* Compatibility */ = {
			isa = PBXGroup;
			children = (
				2B16EB3318F463D9000BA5AD /* NSImage+ANImageBitmapRep.h */,
				2B16EB3418F463D9000BA5AD /* NSImage+ANImageBitmapRep.m */,
				2B16EB3518F463D9000BA5AD /* OSCommonImage.h */,
				2B16EB3618F463D9000BA5AD /* OSCommonImage.m */,
				2B16EB3718F463D9000BA5AD /* UIImage+ANImageBitmapRep.h */,
				2B16EB3818F463D9000BA5AD /* UIImage+ANImageBitmapRep.m */,
			);
			path = Compatibility;
			sourceTree = "<group>";
		};
		2B16EB3918F463D9000BA5AD /* CoreGraphics */ = {
			isa = PBXGroup;
			children = (
				2B16EB3A18F463D9000BA5AD /* CGContextCreator.h */,
				2B16EB3B18F463D9000BA5AD /* CGContextCreator.m */,
				2B16EB3C18F463D9000BA5AD /* CGImageContainer.h */,
				2B16EB3D18F463D9000BA5AD /* CGImageContainer.m */,
			);
			path = CoreGraphics;
			sourceTree = "<group>";
		};
		2B16EB3E18F463D9000BA5AD /* Manipulators */ = {
			isa = PBXGroup;
			children = (
				2B16EB3F18F463D9000BA5AD /* BitmapContextManipulator.h */,
				2B16EB4018F463D9000BA5AD /* BitmapContextManipulator.m */,
				2B16EB4118F463D9000BA5AD /* BitmapCropManipulator.h */,
				2B16EB4218F463D9000BA5AD /* BitmapCropManipulator.m */,
				2B16EB4318F463D9000BA5AD /* BitmapDrawManipulator.h */,
				2B16EB4418F463D9000BA5AD /* BitmapDrawManipulator.m */,
				2B16EB4518F463D9000BA5AD /* BitmapRotationManipulator.h */,
				2B16EB4618F463D9000BA5AD /* BitmapRotationManipulator.m */,
				2B16EB4718F463D9000BA5AD /* BitmapScaleManipulator.h */,
				2B16EB4818F463D9000BA5AD /* BitmapScaleManipulator.m */,
			);
			path = Manipulators;
			sourceTree = "<group>";
		};
		2B16EB5D18F586A6000BA5AD /* Instructions */ = {
			isa = PBXGroup;
			children = (
				2B16EB6218F5C1F0000BA5AD /* RSFrameInterpolatorBaseInstruction.h */,
				2B16EB6318F5C1F0000BA5AD /* RSFrameInterpolatorBaseInstruction.m */,
				2B16EB5718F58248000BA5AD /* RSFrameInterpolatorPassthroughInstruction.h */,
				2B16EB5818F58248000BA5AD /* RSFrameInterpolatorPassthroughInstruction.m */,
				2B16EB5A18F5846B000BA5AD /* RSFrameInterpolatorInterpolationInstruction.h */,
				2B16EB5B18F5846B000BA5AD /* RSFrameInterpolatorInterpolationInstruction.m */,
			);
			name = Instructions;
			sourceTree = "<group>";
		};
		2B16EB6118F596B5000BA5AD /* Compositor */ = {
			isa = PBXGroup;
			children = (
				2B16EB5E18F596AD000BA5AD /* RSFrameInterpolatorDefaultCompositor.h */,
				2B16EB5F18F596AD000BA5AD /* RSFrameInterpolatorDefaultCompositor.m */,
			);
			name = Compositor;
			sourceTree = "<group>";
		};
/* End PBXGroup section */

/* Begin PBXNativeTarget section */
		2B16EB0A18F33888000BA5AD /* interframe */ = {
			isa = PBXNativeTarget;
			buildConfigurationList = 2B16EB1918F33888000BA5AD /* Build configuration list for PBXNativeTarget "interframe" */;
			buildPhases = (
				2B16EB0718F33888000BA5AD /* Sources */,
				2B16EB0818F33888000BA5AD /* Frameworks */,
				2B16EB0918F33888000BA5AD /* CopyFiles */,
			);
			buildRules = (
			);
			dependencies = (
			);
			name = interframe;
			productName = interframe;
			productReference = 2B16EB0B18F33888000BA5AD /* interframe */;
			productType = "com.apple.product-type.tool";
		};
/* End PBXNativeTarget section */

/* Begin PBXProject section */
		2B16EB0318F33888000BA5AD /* Project object */ = {
			isa = PBXProject;
			attributes = {
				LastUpgradeCheck = 0510;
				ORGANIZATIONNAME = RSully;
			};
			buildConfigurationList = 2B16EB0618F33888000BA5AD /* Build configuration list for PBXProject "interframe" */;
			compatibilityVersion = "Xcode 3.2";
			developmentRegion = English;
			hasScannedForEncodings = 0;
			knownRegions = (
				en,
			);
			mainGroup = 2B16EB0218F33888000BA5AD;
			productRefGroup = 2B16EB0C18F33888000BA5AD /* Products */;
			projectDirPath = "";
			projectRoot = "";
			targets = (
				2B16EB0A18F33888000BA5AD /* interframe */,
			);
		};
/* End PBXProject section */

/* Begin PBXSourcesBuildPhase section */
		2B16EB0718F33888000BA5AD /* Sources */ = {
			isa = PBXSourcesBuildPhase;
			buildActionMask = 2147483647;
			files = (
				2B16EB4C18F463D9000BA5AD /* OSCommonImage.m in Sources */,
				2B16EB6418F5C1F0000BA5AD /* RSFrameInterpolatorBaseInstruction.m in Sources */,
				2B16EB4F18F463D9000BA5AD /* CGImageContainer.m in Sources */,
				2B16EB4B18F463D9000BA5AD /* NSImage+ANImageBitmapRep.m in Sources */,
				2B16EB6018F596AD000BA5AD /* RSFrameInterpolatorDefaultCompositor.m in Sources */,
				2B16EB5318F463D9000BA5AD /* BitmapRotationManipulator.m in Sources */,
				2B16EB5418F463D9000BA5AD /* BitmapScaleManipulator.m in Sources */,
				2B16EB5018F463D9000BA5AD /* BitmapContextManipulator.m in Sources */,
				2B16EB5118F463D9000BA5AD /* BitmapCropManipulator.m in Sources */,
				2B16EB4D18F463D9000BA5AD /* UIImage+ANImageBitmapRep.m in Sources */,
				2B16EB4A18F463D9000BA5AD /* BitmapContextRep.m in Sources */,
				2B16EB4E18F463D9000BA5AD /* CGContextCreator.m in Sources */,
				2B16EB5C18F5846B000BA5AD /* RSFrameInterpolatorInterpolationInstruction.m in Sources */,
				2B16EB2218F339DC000BA5AD /* RSFrameInterpolator.m in Sources */,
				2B16EB4918F463D9000BA5AD /* ANImageBitmapRep.m in Sources */,
				2B16EB5218F463D9000BA5AD /* BitmapDrawManipulator.m in Sources */,
				2B16EB2A18F45F27000BA5AD /* RSExampleInterpolator.m in Sources */,
				2B16EB5918F58248000BA5AD /* RSFrameInterpolatorPassthroughInstruction.m in Sources */,
				2B16EB1218F33888000BA5AD /* main.m in Sources */,
			);
			runOnlyForDeploymentPostprocessing = 0;
		};
/* End PBXSourcesBuildPhase section */

/* Begin XCBuildConfiguration section */
		2B16EB1718F33888000BA5AD /* Debug */ = {
			isa = XCBuildConfiguration;
			buildSettings = {
				ALWAYS_SEARCH_USER_PATHS = NO;
				CLANG_CXX_LANGUAGE_STANDARD = "gnu++0x";
				CLANG_CXX_LIBRARY = "libc++";
				CLANG_ENABLE_MODULES = YES;
				CLANG_ENABLE_OBJC_ARC = YES;
				CLANG_WARN_BOOL_CONVERSION = YES;
				CLANG_WARN_CONSTANT_CONVERSION = YES;
				CLANG_WARN_DIRECT_OBJC_ISA_USAGE = YES_ERROR;
				CLANG_WARN_EMPTY_BODY = YES;
				CLANG_WARN_ENUM_CONVERSION = YES;
				CLANG_WARN_INT_CONVERSION = YES;
				CLANG_WARN_OBJC_ROOT_CLASS = YES_ERROR;
				CLANG_WARN__DUPLICATE_METHOD_MATCH = YES;
				COPY_PHASE_STRIP = NO;
				GCC_C_LANGUAGE_STANDARD = gnu99;
				GCC_DYNAMIC_NO_PIC = NO;
				GCC_ENABLE_OBJC_EXCEPTIONS = YES;
				GCC_OPTIMIZATION_LEVEL = 0;
				GCC_PREPROCESSOR_DEFINITIONS = (
					"DEBUG=1",
					"$(inherited)",
				);
				GCC_SYMBOLS_PRIVATE_EXTERN = NO;
				GCC_WARN_64_TO_32_BIT_CONVERSION = YES;
				GCC_WARN_ABOUT_RETURN_TYPE = YES_ERROR;
				GCC_WARN_UNDECLARED_SELECTOR = YES;
				GCC_WARN_UNINITIALIZED_AUTOS = YES_AGGRESSIVE;
				GCC_WARN_UNUSED_FUNCTION = YES;
				GCC_WARN_UNUSED_VARIABLE = YES;
				MACOSX_DEPLOYMENT_TARGET = 10.9;
				ONLY_ACTIVE_ARCH = YES;
				SDKROOT = macosx;
			};
			name = Debug;
		};
		2B16EB1818F33888000BA5AD /* Release */ = {
			isa = XCBuildConfiguration;
			buildSettings = {
				ALWAYS_SEARCH_USER_PATHS = NO;
				CLANG_CXX_LANGUAGE_STANDARD = "gnu++0x";
				CLANG_CXX_LIBRARY = "libc++";
				CLANG_ENABLE_MODULES = YES;
				CLANG_ENABLE_OBJC_ARC = YES;
				CLANG_WARN_BOOL_CONVERSION = YES;
				CLANG_WARN_CONSTANT_CONVERSION = YES;
				CLANG_WARN_DIRECT_OBJC_ISA_USAGE = YES_ERROR;
				CLANG_WARN_EMPTY_BODY = YES;
				CLANG_WARN_ENUM_CONVERSION = YES;
				CLANG_WARN_INT_CONVERSION = YES;
				CLANG_WARN_OBJC_ROOT_CLASS = YES_ERROR;
				CLANG_WARN__DUPLICATE_METHOD_MATCH = YES;
				COPY_PHASE_STRIP = YES;
				DEBUG_INFORMATION_FORMAT = "dwarf-with-dsym";
				ENABLE_NS_ASSERTIONS = NO;
				GCC_C_LANGUAGE_STANDARD = gnu99;
				GCC_ENABLE_OBJC_EXCEPTIONS = YES;
				GCC_WARN_64_TO_32_BIT_CONVERSION = YES;
				GCC_WARN_ABOUT_RETURN_TYPE = YES_ERROR;
				GCC_WARN_UNDECLARED_SELECTOR = YES;
				GCC_WARN_UNINITIALIZED_AUTOS = YES_AGGRESSIVE;
				GCC_WARN_UNUSED_FUNCTION = YES;
				GCC_WARN_UNUSED_VARIABLE = YES;
				MACOSX_DEPLOYMENT_TARGET = 10.9;
				SDKROOT = macosx;
			};
			name = Release;
		};
		2B16EB1A18F33888000BA5AD /* Debug */ = {
			isa = XCBuildConfiguration;
			buildSettings = {
				GCC_PRECOMPILE_PREFIX_HEADER = YES;
				GCC_PREFIX_HEADER = "interframe/interframe-Prefix.pch";
				PRODUCT_NAME = "$(TARGET_NAME)";
			};
			name = Debug;
		};
		2B16EB1B18F33888000BA5AD /* Release */ = {
			isa = XCBuildConfiguration;
			buildSettings = {
				GCC_PRECOMPILE_PREFIX_HEADER = YES;
				GCC_PREFIX_HEADER = "interframe/interframe-Prefix.pch";
				PRODUCT_NAME = "$(TARGET_NAME)";
			};
			name = Release;
		};
/* End XCBuildConfiguration section */

/* Begin XCConfigurationList section */
		2B16EB0618F33888000BA5AD /* Build configuration list for PBXProject "interframe" */ = {
			isa = XCConfigurationList;
			buildConfigurations = (
				2B16EB1718F33888000BA5AD /* Debug */,
				2B16EB1818F33888000BA5AD /* Release */,
			);
			defaultConfigurationIsVisible = 0;
			defaultConfigurationName = Release;
		};
		2B16EB1918F33888000BA5AD /* Build configuration list for PBXNativeTarget "interframe" */ = {
			isa = XCConfigurationList;
			buildConfigurations = (
				2B16EB1A18F33888000BA5AD /* Debug */,
				2B16EB1B18F33888000BA5AD /* Release */,
			);
			defaultConfigurationIsVisible = 0;
			defaultConfigurationName = Release;
		};
/* End XCConfigurationList section */
	};
	rootObject = 2B16EB0318F33888000BA5AD /* Project object */;
}
